
Microsoft Visual Studio Solution File, Format Version 12.00
# Visual Studio 2017
Project("{FAE04EC0-301F-11D3-BF4B-00C04F79EFBC}") = "HugeScene", "HugeScene.csproj", "{F517FDC0-11A8-12D3-28AB-C8EF1F6E74D2}"
EndProject
Project("{FAE04EC0-301F-11D3-BF4B-00C04F79EFBC}") = "HugeScene.Editor", "HugeScene.Editor.csproj", "{81A11FED-338F-36A0-7969-86ACD2C705F7}"
EndProject
Global
	GlobalSection(SolutionConfigurationPlatforms) = preSolution
		Debug|Any CPU = Debug|Any CPU
		Release|Any CPU = Release|Any CPU
	EndGlobalSection
	GlobalSection(ProjectConfigurationPlatforms) = postSolution
		{F517FDC0-11A8-12D3-28AB-C8EF1F6E74D2}.Debug|Any CPU.ActiveCfg = Debug|Any CPU
		{F517FDC0-11A8-12D3-28AB-C8EF1F6E74D2}.Debug|Any CPU.Build.0 = Debug|Any CPU
		{F517FDC0-11A8-12D3-28AB-C8EF1F6E74D2}.Release|Any CPU.ActiveCfg = Release|Any CPU
		{F517FDC0-11A8-12D3-28AB-C8EF1F6E74D2}.Release|Any CPU.Build.0 = Release|Any CPU
		{81A11FED-338F-36A0-7969-86ACD2C705F7}.Debug|Any CPU.ActiveCfg = Debug|Any CPU
		{81A11FED-338F-36A0-7969-86ACD2C705F7}.Debug|Any CPU.Build.0 = Debug|Any CPU
		{81A11FED-338F-36A0-7969-86ACD2C705F7}.Release|Any CPU.ActiveCfg = Release|Any CPU
		{81A11FED-338F-36A0-7969-86ACD2C705F7}.Release|Any CPU.Build.0 = Release|Any CPU
	EndGlobalSection
	GlobalSection(SolutionProperties) = preSolution
		HideSolutionNode = FALSE
	EndGlobalSection
EndGlobal
